
Microsoft Visual Studio Solution File, Format Version 12.00
# Visual Studio Version 17
VisualStudioVersion = 17.7.34031.279
MinimumVisualStudioVersion = 10.0.40219.1
Project("{FAE04EC0-301F-11D3-BF4B-00C04F79EFBC}") = "MVCDemo", "MVCDemo.csproj", "{BFBE4FA4-EFFA-460B-9AC2-1A954C193B51}"
EndProject
Global
	GlobalSection(SolutionConfigurationPlatforms) = preSolution
		Debug|Any CPU = Debug|Any CPU
		Release|Any CPU = Release|Any CPU
	EndGlobalSection
	GlobalSection(ProjectConfigurationPlatforms) = postSolution
		{BFBE4FA4-EFFA-460B-9AC2-1A954C193B51}.Debug|Any CPU.ActiveCfg = Debug|Any CPU
		{BFBE4FA4-EFFA-460B-9AC2-1A954C193B51}.Debug|Any CPU.Build.0 = Debug|Any CPU
		{BFBE4FA4-EFFA-460B-9AC2-1A954C193B51}.Release|Any CPU.ActiveCfg = Release|Any CPU
		{BFBE4FA4-EFFA-460B-9AC2-1A954C193B51}.Release|Any CPU.Build.0 = Release|Any CPU
	EndGlobalSection
	GlobalSection(SolutionProperties) = preSolution
		HideSolutionNode = FALSE
	EndGlobalSection
	GlobalSection(ExtensibilityGlobals) = postSolution
		SolutionGuid = {9AAE66CA-6A76-4E01-9BF7-45CA39AE3274}
	EndGlobalSection
EndGlobal
